{
  "name": "@coti-io/ledger-sdk",
  "version": "0.1.0-beta.0",
  "lockfileVersion": 1,
  "requires": true,
  "dependencies": {
    "@ledgerhq/devices": {
      "version": "5.23.0",
      "resolved": "https://registry.npmjs.org/@ledgerhq/devices/-/devices-5.23.0.tgz",
      "integrity": "sha512-XR9qTwn14WwN8VSMsYD9NTX/TgkmrTnXEh0pIj6HMRZwFzBPzslExOcXuCm3V9ssgAEAxv3VevfV8UulvvZUXA==",
      "requires": {
        "@ledgerhq/errors": "^5.23.0",
        "@ledgerhq/logs": "^5.23.0",
        "rxjs": "^6.6.3"
      }
    },
    "@ledgerhq/errors": {
      "version": "5.23.0",
      "resolved": "https://registry.npmjs.org/@ledgerhq/errors/-/errors-5.23.0.tgz",
      "integrity": "sha512-qtpX8aFrUUlYfOMu7BxTvxqUa8CniE+tEBpVEjYUhVbFdVJjM4ouwJD++RtQkMAU2c5jE7xb12WnUnf5BlAgLQ=="
    },
    "@ledgerhq/hw-transport": {
      "version": "5.23.0",
      "resolved": "https://registry.npmjs.org/@ledgerhq/hw-transport/-/hw-transport-5.23.0.tgz",
      "integrity": "sha512-ICTG3Bst62SkC+lYYFgpKk5G4bAOxeIvptXnTLOhf6VqeN7gdHfiRzZwNPnKzI2pxmcEVbBitgsxEIEQJmDKVA==",
      "requires": {
        "@ledgerhq/devices": "^5.23.0",
        "@ledgerhq/errors": "^5.23.0",
        "events": "^3.2.0"
      }
    },
    "@ledgerhq/logs": {
      "version": "5.23.0",
      "resolved": "https://registry.npmjs.org/@ledgerhq/logs/-/logs-5.23.0.tgz",
      "integrity": "sha512-88M8RkVHl44k6MAhfrYhx25opnJV24/2XpuTUVklID11f9rBdE+6RZ9OMs39dyX2sDv7TuzIPi5nTRoCqZMDYw=="
    },
    "bip32-path": {
      "version": "0.4.2",
      "resolved": "https://registry.npmjs.org/bip32-path/-/bip32-path-0.4.2.tgz",
      "integrity": "sha1-XbBBataCJxLwd4NuJVe4aXwMfJk="
    },
    "events": {
      "version": "3.2.0",
      "resolved": "https://registry.npmjs.org/events/-/events-3.2.0.tgz",
      "integrity": "sha512-/46HWwbfCX2xTawVfkKLGxMifJYQBWMwY1mjywRtb4c9x8l5NP3KoJtnIOiL1hfdRkIuYhETxQlo62IF8tcnlg=="
    },
    "rxjs": {
      "version": "6.6.3",
      "resolved": "https://registry.npmjs.org/rxjs/-/rxjs-6.6.3.tgz",
      "integrity": "sha512-trsQc+xYYXZ3urjOiJOuCOa5N3jAZ3eiSpQB5hIT8zGlL2QfnHLJ2r7GMkBGuIausdJN1OneaI6gQlsqNHHmZQ==",
      "requires": {
        "tslib": "^1.9.0"
      }
    },
    "tslib": {
      "version": "1.13.0",
      "resolved": "https://registry.npmjs.org/tslib/-/tslib-1.13.0.tgz",
      "integrity": "sha512-i/6DQjL8Xf3be4K/E6Wgpekn5Qasl1usyw++dAA35Ue5orEn65VIxOA+YvNNl9HV3qv70T7CNwjODHZrLwvd1Q=="
    }
  }
}
